{
  "nodes": {
    "linux": {
      "flake": false,
      "locked": {
        "lastModified": 1790806711,
        "narHash": "sha256-7J2N8l5RDUZj3wnKIHQhhKf2wDjGf5jL5mpZJon2ruA=",
        "owner": "ElXreno",
        "repo": "linux",
        "rev": "7187f8888fe5ea391f482fee61ebe6e2f4877c80",
        "type": "github"
      },
      "original": {
        "owner": "ElXreno",
        "ref": "courbet",
        "repo": "linux",
        "type": "github"
      }
    },
    "nixpkgs": {
      "locked": {
        "lastModified": 1790689126,
        "narHash": "sha256-ilerN1WLSvF+HMjziC/Wv99J5y02maDH+6hZPwsORKg=",
        "owner": "NixOS",
        "repo": "nixpkgs",
        "rev": "b4fd65b198c599cbe814fcb9f42d25d021595ec9",
        "type": "github"
      },
      "original": {
        "owner": "NixOS",
        "ref": "nixos-unstable",
        "repo": "nixpkgs",
        "type": "github"
      }
    },
    "root": {
      "inputs": {
        "linux": "linux",
        "nixpkgs": "nixpkgs"
      }
    }
  },
  "root": "root",
  "version": 7
}
