{
  "nodes": {
    "linux": {
      "flake": false,
      "locked": {
        "lastModified": 1790805414,
        "narHash": "sha256-37kssV35DyBPNVYi4uvdE2lTvQnJRY+hpswr6IPacIE=",
        "owner": "ElXreno",
        "repo": "linux",
        "rev": "71b48aeee03c80c2d7f539f8f7a1e395dd769a7d",
        "type": "github"
      },
      "original": {
        "owner": "ElXreno",
        "ref": "courbet",
        "repo": "linux",
        "type": "github"
      }
    },
    "nixpkgs": {
      "locked": {
        "lastModified": 1790689126,
        "narHash": "sha256-ilerN1WLSvF+HMjziC/Wv99J5y02maDH+6hZPwsORKg=",
        "owner": "NixOS",
        "repo": "nixpkgs",
        "rev": "b4fd65b198c599cbe814fcb9f42d25d021595ec9",
        "type": "github"
      },
      "original": {
        "owner": "NixOS",
        "ref": "nixos-unstable",
        "repo": "nixpkgs",
        "type": "github"
      }
    },
    "root": {
      "inputs": {
        "linux": "linux",
        "nixpkgs": "nixpkgs"
      }
    }
  },
  "root": "root",
  "version": 7
}
