{
  "nodes": {
    "linux": {
      "flake": false,
      "locked": {
        "lastModified": 1790816074,
        "narHash": "sha256-NaeUZjuX1nmdUw+gZY7zRQ0Spw+fb+3hgdfNXoMNC98=",
        "owner": "ElXreno",
        "repo": "linux",
        "rev": "387ce5ae3a4f50cecf536bc5a4779e24e3588d9d",
        "type": "github"
      },
      "original": {
        "owner": "ElXreno",
        "ref": "courbet",
        "repo": "linux",
        "type": "github"
      }
    },
    "nixpkgs": {
      "locked": {
        "lastModified": 1790689126,
        "narHash": "sha256-ilerN1WLSvF+HMjziC/Wv99J5y02maDH+6hZPwsORKg=",
        "owner": "NixOS",
        "repo": "nixpkgs",
        "rev": "b4fd65b198c599cbe814fcb9f42d25d021595ec9",
        "type": "github"
      },
      "original": {
        "owner": "NixOS",
        "ref": "nixos-unstable",
        "repo": "nixpkgs",
        "type": "github"
      }
    },
    "root": {
      "inputs": {
        "linux": "linux",
        "nixpkgs": "nixpkgs"
      }
    }
  },
  "root": "root",
  "version": 7
}
